{
    "name": "vscode-customization-migration-test",
    "version": "1.0.0",
    "lockfileVersion": 3,
    "requires": true,
    "packages": {
        "": {
            "name": "vscode-customization-migration-test",
            "version": "1.0.0",
            "dependencies": {
                "@microsoft/workiq": "*"
            }
        },
        "node_modules/@microsoft/workiq": {
            "version": "1.0.1",
            "resolved": "https://pkgs.dev.azure.com/monacotools/Monaco/_packaging/vscode/npm/registry/@microsoft/workiq/-/workiq-1.0.1.tgz",
            "integrity": "sha512-syOh4Py5hR3rh7kRHzYipxU2tJMzUfu7VBJ5bTzXCEh2S0BXVCZVu6TWmFYMmkTk8QEreMaqPMWQEy4aMBd/Xg==",
            "license": "SEE EULA",
            "bin": {
                "workiq": "bin/workiq.js"
            },
            "engines": {
                "node": ">=16.0.0"
            }
        }
    }
}
